
Microsoft Visual Studio Solution File, Format Version 12.00
# Visual Studio Version 17
VisualStudioVersion = 17.9.34622.214
MinimumVisualStudioVersion = 10.0.40219.1
Project("{FAE04EC0-301F-11D3-BF4B-00C04F79EFBC}") = "SOLIDPrinciples", "SOLIDPrinciples\SOLIDPrinciples.csproj", "{53EDC87F-C816-4899-AFC0-C5D2198D9F54}"
EndProject
Global
	GlobalSection(SolutionConfigurationPlatforms) = preSolution
		Debug|Any CPU = Debug|Any CPU
		Release|Any CPU = Release|Any CPU
	EndGlobalSection
	GlobalSection(ProjectConfigurationPlatforms) = postSolution
		{53EDC87F-C816-4899-AFC0-C5D2198D9F54}.Debug|Any CPU.ActiveCfg = Debug|Any CPU
		{53EDC87F-C816-4899-AFC0-C5D2198D9F54}.Debug|Any CPU.Build.0 = Debug|Any CPU
		{53EDC87F-C816-4899-AFC0-C5D2198D9F54}.Release|Any CPU.ActiveCfg = Release|Any CPU
		{53EDC87F-C816-4899-AFC0-C5D2198D9F54}.Release|Any CPU.Build.0 = Release|Any CPU
	EndGlobalSection
	GlobalSection(SolutionProperties) = preSolution
		HideSolutionNode = FALSE
	EndGlobalSection
	GlobalSection(ExtensibilityGlobals) = postSolution
		SolutionGuid = {5F9A3698-AE4D-4327-BC38-3EA3C1919EFF}
	EndGlobalSection
EndGlobal
